// !$*UTF8*$!
{
	archiveVersion = 1;
	classes = {
	};
	objectVersion = 46;
	objects = {

/* Begin PBXBuildFile section */
		0FF4618F17014FD700A44D23 /* EasyWizardViewController.m in Sources */ = {isa = PBXBuildFile; fileRef = 0FF4618E17014FD700A44D23 /* EasyWizardViewController.m */; };
		CE03705F8FAA198924EF9729 /* main.m in Sources */ = {isa = PBXBuildFile; fileRef = CE037EC4236CDB4D5270C457 /* main.m */; };
		CE0372848EA316A913F40C16 /* Default@2x.png in Resources */ = {isa = PBXBuildFile; fileRef = CE03787CED5C58959294C868 /* Default@2x.png */; };
		CE03734613EBE303ACF63642 /* Default-568h@2x.png in Resources */ = {isa = PBXBuildFile; fileRef = CE0373980FCECCFBF85FEFA6 /* Default-568h@2x.png */; };
		CE0376D55FA17402C5331217 /* UIKit.framework in Frameworks */ = {isa = PBXBuildFile; fileRef = CE037511CF33C716741C89E6 /* UIKit.framework */; };
		CE0377938C6F637612F9DF17 /* Default.png in Resources */ = {isa = PBXBuildFile; fileRef = CE037DCC6BA6C9FAE4721922 /* Default.png */; };
		CE0377DEFBC1F40EC0D7343D /* InfoPlist.strings in Resources */ = {isa = PBXBuildFile; fileRef = CE0371F4A01B081DA51D8115 /* InfoPlist.strings */; };
		CE03786D43F5D364BDAE10CD /* EasyWizard-Info.plist in Resources */ = {isa = PBXBuildFile; fileRef = CE0370A907E55AD55DD3F4B6 /* EasyWizard-Info.plist */; };
		CE037A9AB73EA2E9652B3E30 /* CoreGraphics.framework in Frameworks */ = {isa = PBXBuildFile; fileRef = CE037DC5E210AA8F4D2B607B /* CoreGraphics.framework */; };
		CE037F1F996970F8E34CF2B8 /* AppDelegate.m in Sources */ = {isa = PBXBuildFile; fileRef = CE037E080CF14B495B5E0E52 /* AppDelegate.m */; };
		CE037F59EDE53C7AC8673594 /* Foundation.framework in Frameworks */ = {isa = PBXBuildFile; fileRef = CE037F48FE3AA86B1E488622 /* Foundation.framework */; };
/* End PBXBuildFile section */

/* Begin PBXFileReference section */
		0FF4618D17014FD700A44D23 /* EasyWizardViewController.h */ = {isa = PBXFileReference; fileEncoding = 4; lastKnownFileType = sourcecode.c.h; path = EasyWizardViewController.h; sourceTree = "<group>"; };
		0FF4618E17014FD700A44D23 /* EasyWizardViewController.m */ = {isa = PBXFileReference; fileEncoding = 4; lastKnownFileType = sourcecode.c.objc; path = EasyWizardViewController.m; sourceTree = "<group>"; };
		CE0370A907E55AD55DD3F4B6 /* EasyWizard-Info.plist */ = {isa = PBXFileReference; fileEncoding = 4; lastKnownFileType = text.plist.info; path = "EasyWizard-Info.plist"; sourceTree = "<group>"; };
		CE0373514ADE00F956077E36 /* AppDelegate.h */ = {isa = PBXFileReference; fileEncoding = 4; lastKnownFileType = sourcecode.c.h; path = AppDelegate.h; sourceTree = "<group>"; };
		CE0373980FCECCFBF85FEFA6 /* Default-568h@2x.png */ = {isa = PBXFileReference; lastKnownFileType = image.png; path = "Default-568h@2x.png"; sourceTree = "<group>"; };
		CE037511CF33C716741C89E6 /* UIKit.framework */ = {isa = PBXFileReference; lastKnownFileType = wrapper.framework; name = UIKit.framework; path = System/Library/Frameworks/UIKit.framework; sourceTree = SDKROOT; };
		CE03783E148C6F61671595FF /* EasyWizard-Prefix.pch */ = {isa = PBXFileReference; fileEncoding = 4; lastKnownFileType = sourcecode.c.h; path = "EasyWizard-Prefix.pch"; sourceTree = "<group>"; };
		CE03787CED5C58959294C868 /* Default@2x.png */ = {isa = PBXFileReference; lastKnownFileType = image.png; path = "Default@2x.png"; sourceTree = "<group>"; };
		CE0378C6333F5427928D32CC /* SenTestingKit.framework */ = {isa = PBXFileReference; lastKnownFileType = wrapper.framework; name = SenTestingKit.framework; path = Library/Frameworks/SenTestingKit.framework; sourceTree = DEVELOPER_DIR; };
		CE037B91257D8EB0D07611F9 /* InfoPlist.strings */ = {isa = PBXFileReference; fileEncoding = 4; lastKnownFileType = text.plist.strings; path = InfoPlist.strings; sourceTree = "<group>"; };
		CE037DC5E210AA8F4D2B607B /* CoreGraphics.framework */ = {isa = PBXFileReference; lastKnownFileType = wrapper.framework; name = CoreGraphics.framework; path = System/Library/Frameworks/CoreGraphics.framework; sourceTree = SDKROOT; };
		CE037DCC6BA6C9FAE4721922 /* Default.png */ = {isa = PBXFileReference; lastKnownFileType = image.png; path = Default.png; sourceTree = "<group>"; };
		CE037E080CF14B495B5E0E52 /* AppDelegate.m */ = {isa = PBXFileReference; fileEncoding = 4; lastKnownFileType = sourcecode.c.objc; path = AppDelegate.m; sourceTree = "<group>"; };
		CE037E8C9C408D76F23939DB /* EasyWizard.app */ = {isa = PBXFileReference; explicitFileType = wrapper.application; includeInIndex = 0; name = EasyWizard.app; path = EasyWizardDemo.app; sourceTree = BUILT_PRODUCTS_DIR; };
		CE037EC4236CDB4D5270C457 /* main.m */ = {isa = PBXFileReference; fileEncoding = 4; lastKnownFileType = sourcecode.c.objc; path = main.m; sourceTree = "<group>"; };
		CE037F48FE3AA86B1E488622 /* Foundation.framework */ = {isa = PBXFileReference; lastKnownFileType = wrapper.framework; name = Foundation.framework; path = System/Library/Frameworks/Foundation.framework; sourceTree = SDKROOT; };
/* End PBXFileReference section */

/* Begin PBXFrameworksBuildPhase section */
		CE03741A0FDDF8F7DA05E0F2 /* Frameworks */ = {
			isa = PBXFrameworksBuildPhase;
			buildActionMask = 2147483647;
			files = (
				CE0376D55FA17402C5331217 /* UIKit.framework in Frameworks */,
				CE037F59EDE53C7AC8673594 /* Foundation.framework in Frameworks */,
				CE037A9AB73EA2E9652B3E30 /* CoreGraphics.framework in Frameworks */,
			);
			runOnlyForDeploymentPostprocessing = 0;
		};
/* End PBXFrameworksBuildPhase section */

/* Begin PBXGroup section */
		CE03711EE0B26A5B697DE60E /* Products */ = {
			isa = PBXGroup;
			children = (
				CE037E8C9C408D76F23939DB /* EasyWizard.app */,
			);
			name = Products;
			sourceTree = "<group>";
		};
		CE0371B18D8D4E0D78A7F293 = {
			isa = PBXGroup;
			children = (
				CE03711EE0B26A5B697DE60E /* Products */,
				CE037D25C28809415CC3D74C /* Frameworks */,
				CE037C0F746018D1E2543410 /* EasyWizardDemo */,
				CE0374D38A9F3A14ED7AB244 /* EasyWizard */,
			);
			sourceTree = "<group>";
		};
		CE0374D38A9F3A14ED7AB244 /* EasyWizard */ = {
			isa = PBXGroup;
			children = (
				0FF4618D17014FD700A44D23 /* EasyWizardViewController.h */,
				0FF4618E17014FD700A44D23 /* EasyWizardViewController.m */,
			);
			path = EasyWizard;
			sourceTree = "<group>";
		};
		CE037C0F746018D1E2543410 /* EasyWizardDemo */ = {
			isa = PBXGroup;
			children = (
				CE0373514ADE00F956077E36 /* AppDelegate.h */,
				CE037E080CF14B495B5E0E52 /* AppDelegate.m */,
				CE0373980FCECCFBF85FEFA6 /* Default-568h@2x.png */,
				CE037DCC6BA6C9FAE4721922 /* Default.png */,
				CE03787CED5C58959294C868 /* Default@2x.png */,
				CE0370A907E55AD55DD3F4B6 /* EasyWizard-Info.plist */,
				CE03783E148C6F61671595FF /* EasyWizard-Prefix.pch */,
				CE037D41BBB37CADDE8597DC /* en.lproj */,
				CE037EC4236CDB4D5270C457 /* main.m */,
			);
			path = EasyWizardDemo;
			sourceTree = "<group>";
		};
		CE037D25C28809415CC3D74C /* Frameworks */ = {
			isa = PBXGroup;
			children = (
				CE037511CF33C716741C89E6 /* UIKit.framework */,
				CE037F48FE3AA86B1E488622 /* Foundation.framework */,
				CE037DC5E210AA8F4D2B607B /* CoreGraphics.framework */,
				CE0378C6333F5427928D32CC /* SenTestingKit.framework */,
			);
			name = Frameworks;
			sourceTree = "<group>";
		};
		CE037D41BBB37CADDE8597DC /* en.lproj */ = {
			isa = PBXGroup;
			children = (
				CE0371F4A01B081DA51D8115 /* InfoPlist.strings */,
			);
			path = en.lproj;
			sourceTree = "<group>";
		};
/* End PBXGroup section */

/* Begin PBXNativeTarget section */
		CE03753265E4D35D345939A2 /* EasyWizardDemo */ = {
			isa = PBXNativeTarget;
			buildConfigurationList = CE037D51D6D556522B049F7C /* Build configuration list for PBXNativeTarget "EasyWizardDemo" */;
			buildPhases = (
				CE0376EC3E0E1562D09194CF /* Sources */,
				CE03741A0FDDF8F7DA05E0F2 /* Frameworks */,
				CE037E56A6D71E01730594B4 /* Resources */,
			);
			buildRules = (
			);
			dependencies = (
			);
			name = EasyWizardDemo;
			productName = EasyWizard;
			productReference = CE037E8C9C408D76F23939DB /* EasyWizard.app */;
			productType = "com.apple.product-type.application";
		};
/* End PBXNativeTarget section */

/* Begin PBXProject section */
		CE0375DA803B863AD21C3466 /* Project object */ = {
			isa = PBXProject;
			buildConfigurationList = CE037A6610BD33E9C6BA2B9C /* Build configuration list for PBXProject "EasyWizard" */;
			compatibilityVersion = "Xcode 3.2";
			developmentRegion = English;
			hasScannedForEncodings = 0;
			knownRegions = (
				en,
			);
			mainGroup = CE0371B18D8D4E0D78A7F293;
			productRefGroup = CE03711EE0B26A5B697DE60E /* Products */;
			projectDirPath = "";
			projectRoot = "";
			targets = (
				CE03753265E4D35D345939A2 /* EasyWizardDemo */,
			);
		};
/* End PBXProject section */

/* Begin PBXResourcesBuildPhase section */
		CE037E56A6D71E01730594B4 /* Resources */ = {
			isa = PBXResourcesBuildPhase;
			buildActionMask = 2147483647;
			files = (
				CE03734613EBE303ACF63642 /* Default-568h@2x.png in Resources */,
				CE0377938C6F637612F9DF17 /* Default.png in Resources */,
				CE0372848EA316A913F40C16 /* Default@2x.png in Resources */,
				CE03786D43F5D364BDAE10CD /* EasyWizard-Info.plist in Resources */,
				CE0377DEFBC1F40EC0D7343D /* InfoPlist.strings in Resources */,
			);
			runOnlyForDeploymentPostprocessing = 0;
		};
/* End PBXResourcesBuildPhase section */

/* Begin PBXSourcesBuildPhase section */
		CE0376EC3E0E1562D09194CF /* Sources */ = {
			isa = PBXSourcesBuildPhase;
			buildActionMask = 2147483647;
			files = (
				CE037F1F996970F8E34CF2B8 /* AppDelegate.m in Sources */,
				CE03705F8FAA198924EF9729 /* main.m in Sources */,
				0FF4618F17014FD700A44D23 /* EasyWizardViewController.m in Sources */,
			);
			runOnlyForDeploymentPostprocessing = 0;
		};
/* End PBXSourcesBuildPhase section */

/* Begin PBXVariantGroup section */
		CE0371F4A01B081DA51D8115 /* InfoPlist.strings */ = {
			isa = PBXVariantGroup;
			children = (
				CE037B91257D8EB0D07611F9 /* InfoPlist.strings */,
			);
			name = InfoPlist.strings;
			sourceTree = "<group>";
		};
/* End PBXVariantGroup section */

/* Begin XCBuildConfiguration section */
		CE037278C10B906543C5997D /* Debug */ = {
			isa = XCBuildConfiguration;
			buildSettings = {
				ALWAYS_SEARCH_USER_PATHS = NO;
				CLANG_CXX_LANGUAGE_STANDARD = "gnu++0x";
				CLANG_CXX_LIBRARY = "libc++";
				CLANG_ENABLE_OBJC_ARC = YES;
				CLANG_WARN_CONSTANT_CONVERSION = YES;
				CLANG_WARN_EMPTY_BODY = YES;
				CLANG_WARN_ENUM_CONVERSION = YES;
				CLANG_WARN_INT_CONVERSION = YES;
				CLANG_WARN__DUPLICATE_METHOD_MATCH = YES;
				"CODE_SIGN_IDENTITY[sdk=iphoneos*]" = "iPhone Developer";
				COPY_PHASE_STRIP = NO;
				GCC_C_LANGUAGE_STANDARD = gnu99;
				GCC_DYNAMIC_NO_PIC = NO;
				GCC_OPTIMIZATION_LEVEL = 0;
				GCC_PREPROCESSOR_DEFINITIONS = (
					"DEBUG=1",
					"$(inherited)",
				);
				GCC_SYMBOLS_PRIVATE_EXTERN = NO;
				GCC_WARN_ABOUT_RETURN_TYPE = YES;
				GCC_WARN_UNINITIALIZED_AUTOS = YES;
				GCC_WARN_UNUSED_VARIABLE = YES;
				IPHONEOS_DEPLOYMENT_TARGET = 6.1;
				ONLY_ACTIVE_ARCH = YES;
				SDKROOT = iphoneos;
				TARGETED_DEVICE_FAMILY = "1,2";
			};
			name = Debug;
		};
		CE0375077D9F7674159CD9D4 /* Debug */ = {
			isa = XCBuildConfiguration;
			buildSettings = {
				GCC_PRECOMPILE_PREFIX_HEADER = YES;
				GCC_PREFIX_HEADER = "EasyWizard/EasyWizard-Prefix.pch";
				INFOPLIST_FILE = "EasyWizard/EasyWizard-Info.plist";
				PRODUCT_NAME = "$(TARGET_NAME)";
				WRAPPER_EXTENSION = app;
			};
			name = Debug;
		};
		CE037831DC8E6EC9A6E393EA /* Release */ = {
			isa = XCBuildConfiguration;
			buildSettings = {
				GCC_PRECOMPILE_PREFIX_HEADER = YES;
				GCC_PREFIX_HEADER = "EasyWizard/EasyWizard-Prefix.pch";
				INFOPLIST_FILE = "EasyWizard/EasyWizard-Info.plist";
				PRODUCT_NAME = "$(TARGET_NAME)";
				WRAPPER_EXTENSION = app;
			};
			name = Release;
		};
		CE037FB95128D46CBB4B06E6 /* Release */ = {
			isa = XCBuildConfiguration;
			buildSettings = {
				ALWAYS_SEARCH_USER_PATHS = NO;
				CLANG_CXX_LANGUAGE_STANDARD = "gnu++0x";
				CLANG_CXX_LIBRARY = "libc++";
				CLANG_ENABLE_OBJC_ARC = YES;
				CLANG_WARN_CONSTANT_CONVERSION = YES;
				CLANG_WARN_EMPTY_BODY = YES;
				CLANG_WARN_ENUM_CONVERSION = YES;
				CLANG_WARN_INT_CONVERSION = YES;
				CLANG_WARN__DUPLICATE_METHOD_MATCH = YES;
				"CODE_SIGN_IDENTITY[sdk=iphoneos*]" = "iPhone Developer";
				COPY_PHASE_STRIP = YES;
				GCC_C_LANGUAGE_STANDARD = gnu99;
				GCC_WARN_ABOUT_RETURN_TYPE = YES;
				GCC_WARN_UNINITIALIZED_AUTOS = YES;
				GCC_WARN_UNUSED_VARIABLE = YES;
				IPHONEOS_DEPLOYMENT_TARGET = 6.1;
				OTHER_CFLAGS = "-DNS_BLOCK_ASSERTIONS=1";
				SDKROOT = iphoneos;
				TARGETED_DEVICE_FAMILY = "1,2";
				VALIDATE_PRODUCT = YES;
			};
			name = Release;
		};
/* End XCBuildConfiguration section */

/* Begin XCConfigurationList section */
		CE037A6610BD33E9C6BA2B9C /* Build configuration list for PBXProject "EasyWizard" */ = {
			isa = XCConfigurationList;
			buildConfigurations = (
				CE037FB95128D46CBB4B06E6 /* Release */,
				CE037278C10B906543C5997D /* Debug */,
			);
			defaultConfigurationIsVisible = 0;
			defaultConfigurationName = Release;
		};
		CE037D51D6D556522B049F7C /* Build configuration list for PBXNativeTarget "EasyWizardDemo" */ = {
			isa = XCConfigurationList;
			buildConfigurations = (
				CE037831DC8E6EC9A6E393EA /* Release */,
				CE0375077D9F7674159CD9D4 /* Debug */,
			);
			defaultConfigurationIsVisible = 0;
			defaultConfigurationName = Release;
		};
/* End XCConfigurationList section */
	};
	rootObject = CE0375DA803B863AD21C3466 /* Project object */;
}
